
Microsoft Visual Studio Solution File, Format Version 12.00
# Visual Studio Version 16
VisualStudioVersion = 16.0.35425.106
MinimumVisualStudioVersion = 10.0.40219.1
Project("{E24C65DC-7377-472B-9ABA-BC803B73C61A}") = "AccountDetailsWCF", "AccountDetailsWCF\", "{1F7C14C8-D262-4770-926F-A4629AA3F702}"
	ProjectSection(WebsiteProperties) = preProject
		TargetFrameworkMoniker = ".NETFramework,Version%3Dv4.7.2"
		Debug.AspNetCompiler.VirtualPath = "/localhost_59366"
		Debug.AspNetCompiler.PhysicalPath = "AccountDetailsWCF\"
		Debug.AspNetCompiler.TargetPath = "PrecompiledWeb\localhost_59366\"
		Debug.AspNetCompiler.Updateable = "true"
		Debug.AspNetCompiler.ForceOverwrite = "true"
		Debug.AspNetCompiler.FixedNames = "false"
		Debug.AspNetCompiler.Debug = "True"
		Release.AspNetCompiler.VirtualPath = "/localhost_59366"
		Release.AspNetCompiler.PhysicalPath = "AccountDetailsWCF\"
		Release.AspNetCompiler.TargetPath = "PrecompiledWeb\localhost_59366\"
		Release.AspNetCompiler.Updateable = "true"
		Release.AspNetCompiler.ForceOverwrite = "true"
		Release.AspNetCompiler.FixedNames = "false"
		Release.AspNetCompiler.Debug = "False"
		VWDPort = "59366"
		SlnRelativePath = "AccountDetailsWCF\"
		DefaultWebSiteLanguage = "Visual C#"
	EndProjectSection
EndProject
Global
	GlobalSection(SolutionConfigurationPlatforms) = preSolution
		Debug|Any CPU = Debug|Any CPU
	EndGlobalSection
	GlobalSection(ProjectConfigurationPlatforms) = postSolution
		{1F7C14C8-D262-4770-926F-A4629AA3F702}.Debug|Any CPU.ActiveCfg = Debug|Any CPU
		{1F7C14C8-D262-4770-926F-A4629AA3F702}.Debug|Any CPU.Build.0 = Debug|Any CPU
	EndGlobalSection
	GlobalSection(SolutionProperties) = preSolution
		HideSolutionNode = FALSE
	EndGlobalSection
	GlobalSection(ExtensibilityGlobals) = postSolution
		SolutionGuid = {972728AF-F49A-4A7E-B23E-C8B4E241FE55}
	EndGlobalSection
EndGlobal
